
Microsoft Visual Studio Solution File, Format Version 12.00
# Visual Studio Version 17
VisualStudioVersion = 17.5.002.0
MinimumVisualStudioVersion = 10.0.40219.1
Project("{9A19103F-16F7-4668-BE54-9A1E7A4F7556}") = "credit-card-service", "credit-card-service\credit-card-service.csproj", "{5D3C249E-4CEF-43EF-B79F-096341ADC6BE}"
EndProject
Project("{9A19103F-16F7-4668-BE54-9A1E7A4F7556}") = "credit-offer-service", "credit-offer-service\credit-offer-service.csproj", "{06E38E89-45F7-440C-A585-1E7FC580381A}"
EndProject
Project("{9A19103F-16F7-4668-BE54-9A1E7A4F7556}") = "customer-service", "customer-service\customer-service.csproj", "{F69055A0-33A2-430D-8D89-2BB140AD4635}"
EndProject
Global
	GlobalSection(SolutionConfigurationPlatforms) = preSolution
		Debug|Any CPU = Debug|Any CPU
		Release|Any CPU = Release|Any CPU
	EndGlobalSection
	GlobalSection(ProjectConfigurationPlatforms) = postSolution
		{5D3C249E-4CEF-43EF-B79F-096341ADC6BE}.Debug|Any CPU.ActiveCfg = Debug|Any CPU
		{5D3C249E-4CEF-43EF-B79F-096341ADC6BE}.Debug|Any CPU.Build.0 = Debug|Any CPU
		{5D3C249E-4CEF-43EF-B79F-096341ADC6BE}.Release|Any CPU.ActiveCfg = Release|Any CPU
		{5D3C249E-4CEF-43EF-B79F-096341ADC6BE}.Release|Any CPU.Build.0 = Release|Any CPU
		{06E38E89-45F7-440C-A585-1E7FC580381A}.Debug|Any CPU.ActiveCfg = Debug|Any CPU
		{06E38E89-45F7-440C-A585-1E7FC580381A}.Debug|Any CPU.Build.0 = Debug|Any CPU
		{06E38E89-45F7-440C-A585-1E7FC580381A}.Release|Any CPU.ActiveCfg = Release|Any CPU
		{06E38E89-45F7-440C-A585-1E7FC580381A}.Release|Any CPU.Build.0 = Release|Any CPU
		{F69055A0-33A2-430D-8D89-2BB140AD4635}.Debug|Any CPU.ActiveCfg = Debug|Any CPU
		{F69055A0-33A2-430D-8D89-2BB140AD4635}.Debug|Any CPU.Build.0 = Debug|Any CPU
		{F69055A0-33A2-430D-8D89-2BB140AD4635}.Release|Any CPU.ActiveCfg = Release|Any CPU
		{F69055A0-33A2-430D-8D89-2BB140AD4635}.Release|Any CPU.Build.0 = Release|Any CPU
	EndGlobalSection
	GlobalSection(SolutionProperties) = preSolution
		HideSolutionNode = FALSE
	EndGlobalSection
	GlobalSection(ExtensibilityGlobals) = postSolution
		SolutionGuid = {CAE79212-0389-494E-A5C2-49DDFD9AD2E7}
	EndGlobalSection
EndGlobal
